
Microsoft Visual Studio Solution File, Format Version 12.00
# Visual Studio 14
VisualStudioVersion = 14.0.25420.1
MinimumVisualStudioVersion = 10.0.40219.1
Project("{FAE04EC0-301F-11D3-BF4B-00C04F79EFBC}") = "ConsoleApplication1", "ConsoleApplication1.csproj", "{30A738BB-4ACA-4D83-A9AD-A48E89D7A2A3}"
EndProject
Project("{FAE04EC0-301F-11D3-BF4B-00C04F79EFBC}") = "ConsoleApplication2", "..\ConsoleApplication2\ConsoleApplication2.csproj", "{19808D50-92BF-4367-9A14-7B9C6CB78B1D}"
EndProject
Global
	GlobalSection(SolutionConfigurationPlatforms) = preSolution
		Debug|Any CPU = Debug|Any CPU
		Release|Any CPU = Release|Any CPU
	EndGlobalSection
	GlobalSection(ProjectConfigurationPlatforms) = postSolution
		{30A738BB-4ACA-4D83-A9AD-A48E89D7A2A3}.Debug|Any CPU.ActiveCfg = Debug|Any CPU
		{30A738BB-4ACA-4D83-A9AD-A48E89D7A2A3}.Debug|Any CPU.Build.0 = Debug|Any CPU
		{30A738BB-4ACA-4D83-A9AD-A48E89D7A2A3}.Release|Any CPU.ActiveCfg = Release|Any CPU
		{30A738BB-4ACA-4D83-A9AD-A48E89D7A2A3}.Release|Any CPU.Build.0 = Release|Any CPU
		{19808D50-92BF-4367-9A14-7B9C6CB78B1D}.Debug|Any CPU.ActiveCfg = Debug|Any CPU
		{19808D50-92BF-4367-9A14-7B9C6CB78B1D}.Debug|Any CPU.Build.0 = Debug|Any CPU
		{19808D50-92BF-4367-9A14-7B9C6CB78B1D}.Release|Any CPU.ActiveCfg = Release|Any CPU
		{19808D50-92BF-4367-9A14-7B9C6CB78B1D}.Release|Any CPU.Build.0 = Release|Any CPU
	EndGlobalSection
	GlobalSection(SolutionProperties) = preSolution
		HideSolutionNode = FALSE
	EndGlobalSection
EndGlobal
